{
  "name": "@deepgram-web-functions/transcribe-prerecorded",
  "version": "0",
  "lockfileVersion": 2,
  "requires": true,
  "packages": {
    "": {
      "name": "@deepgram-web-functions/transcribe-prerecorded",
      "version": "0",
      "license": "MIT",
      "dependencies": {
        "@deepgram/sdk": "^1.4.8",
        "dotenv": "^16.0.1"
      }
    },
    "node_modules/@deepgram/sdk": {
      "version": "1.4.8",
      "license": "MIT",
      "dependencies": {
        "bufferutil": "^4.0.6",
        "utf-8-validate": "^5.0.9",
        "ws": "^7.5.5"
      }
    },
    "node_modules/bufferutil": {
      "version": "4.0.6",
      "hasInstallScript": true,
      "license": "MIT",
      "dependencies": {
        "node-gyp-build": "^4.3.0"
      },
      "engines": {
        "node": ">=6.14.2"
      }
    },
    "node_modules/dotenv": {
      "version": "16.0.1",
      "license": "BSD-2-Clause",
      "engines": {
        "node": ">=12"
      }
    },
    "node_modules/node-gyp-build": {
      "version": "4.5.0",
      "license": "MIT",
      "bin": {
        "node-gyp-build": "bin.js",
        "node-gyp-build-optional": "optional.js",
        "node-gyp-build-test": "build-test.js"
      }
    },
    "node_modules/utf-8-validate": {
      "version": "5.0.9",
      "hasInstallScript": true,
      "license": "MIT",
      "dependencies": {
        "node-gyp-build": "^4.3.0"
      },
      "engines": {
        "node": ">=6.14.2"
      }
    },
    "node_modules/ws": {
      "version": "7.5.9",
      "license": "MIT",
      "engines": {
        "node": ">=8.3.0"
      },
      "peerDependencies": {
        "bufferutil": "^4.0.1",
        "utf-8-validate": "^5.0.2"
      },
      "peerDependenciesMeta": {
        "bufferutil": {
          "optional": true
        },
        "utf-8-validate": {
          "optional": true
        }
      }
    }
  },
  "dependencies": {
    "@deepgram/sdk": {
      "version": "1.4.8",
      "requires": {
        "bufferutil": "^4.0.6",
        "utf-8-validate": "^5.0.9",
        "ws": "^7.5.5"
      }
    },
    "bufferutil": {
      "version": "4.0.6",
      "requires": {
        "node-gyp-build": "^4.3.0"
      }
    },
    "dotenv": {
      "version": "16.0.1"
    },
    "node-gyp-build": {
      "version": "4.5.0"
    },
    "utf-8-validate": {
      "version": "5.0.9",
      "requires": {
        "node-gyp-build": "^4.3.0"
      }
    },
    "ws": {
      "version": "7.5.9",
      "requires": {}
    }
  }
}
